// !$*UTF8*$!
{
	archiveVersion = 1;
	classes = {
	};
	objectVersion = 46;
	objects = {

/* Begin PBXBuildFile section */
		916C81771F22D1BF002FEEC9 /* FeedVC.swift in Sources */ = {isa = PBXBuildFile; fileRef = 916C81761F22D1BF002FEEC9 /* FeedVC.swift */; };
		91B1B2D31F16F3B200EA0E70 /* AppDelegate.swift in Sources */ = {isa = PBXBuildFile; fileRef = 91B1B2D21F16F3B200EA0E70 /* AppDelegate.swift */; };
		91B1B2D51F16F3B200EA0E70 /* SignInVC.swift in Sources */ = {isa = PBXBuildFile; fileRef = 91B1B2D41F16F3B200EA0E70 /* SignInVC.swift */; };
		91B1B2D81F16F3B200EA0E70 /* Main.storyboard in Resources */ = {isa = PBXBuildFile; fileRef = 91B1B2D61F16F3B200EA0E70 /* Main.storyboard */; };
		91B1B2DA1F16F3B200EA0E70 /* Assets.xcassets in Resources */ = {isa = PBXBuildFile; fileRef = 91B1B2D91F16F3B200EA0E70 /* Assets.xcassets */; };
		91B1B2DD1F16F3B200EA0E70 /* LaunchScreen.storyboard in Resources */ = {isa = PBXBuildFile; fileRef = 91B1B2DB1F16F3B200EA0E70 /* LaunchScreen.storyboard */; };
		91B1B2E51F16F46000EA0E70 /* GoogleService-Info.plist in Resources */ = {isa = PBXBuildFile; fileRef = 91B1B2E41F16F46000EA0E70 /* GoogleService-Info.plist */; };
		91B1B2EB1F184D7A00EA0E70 /* Jack in the Box.ttf in Resources */ = {isa = PBXBuildFile; fileRef = 91B1B2EA1F184D7A00EA0E70 /* Jack in the Box.ttf */; };
		91B1B2ED1F185D7D00EA0E70 /* FancyView.swift in Sources */ = {isa = PBXBuildFile; fileRef = 91B1B2EC1F185D7D00EA0E70 /* FancyView.swift */; };
		91B1B2F01F185E3500EA0E70 /* Constants.swift in Sources */ = {isa = PBXBuildFile; fileRef = 91B1B2EF1F185E3500EA0E70 /* Constants.swift */; };
		91B1B2F21F18652A00EA0E70 /* RoundBtn.swift in Sources */ = {isa = PBXBuildFile; fileRef = 91B1B2F11F18652A00EA0E70 /* RoundBtn.swift */; };
		91B1B2F41F18684800EA0E70 /* FancyField.swift in Sources */ = {isa = PBXBuildFile; fileRef = 91B1B2F31F18684800EA0E70 /* FancyField.swift */; };
		91B1B2F61F186A9900EA0E70 /* FancyBtn.swift in Sources */ = {isa = PBXBuildFile; fileRef = 91B1B2F51F186A9900EA0E70 /* FancyBtn.swift */; };
		CE04E93D9C7D1DB591A98CC2 /* Pods_CluckCluck.framework in Frameworks */ = {isa = PBXBuildFile; fileRef = 33D380606400208AA9C9B8D9 /* Pods_CluckCluck.framework */; };
/* End PBXBuildFile section */

/* Begin PBXFileReference section */
		33D380606400208AA9C9B8D9 /* Pods_CluckCluck.framework */ = {isa = PBXFileReference; explicitFileType = wrapper.framework; includeInIndex = 0; path = Pods_CluckCluck.framework; sourceTree = BUILT_PRODUCTS_DIR; };
		916C81761F22D1BF002FEEC9 /* FeedVC.swift */ = {isa = PBXFileReference; fileEncoding = 4; lastKnownFileType = sourcecode.swift; path = FeedVC.swift; sourceTree = "<group>"; };
		91B1B2CF1F16F3B200EA0E70 /* CluckCluck.app */ = {isa = PBXFileReference; explicitFileType = wrapper.application; includeInIndex = 0; path = CluckCluck.app; sourceTree = BUILT_PRODUCTS_DIR; };
		91B1B2D21F16F3B200EA0E70 /* AppDelegate.swift */ = {isa = PBXFileReference; lastKnownFileType = sourcecode.swift; path = AppDelegate.swift; sourceTree = "<group>"; };
		91B1B2D41F16F3B200EA0E70 /* SignInVC.swift */ = {isa = PBXFileReference; lastKnownFileType = sourcecode.swift; path = SignInVC.swift; sourceTree = "<group>"; };
		91B1B2D71F16F3B200EA0E70 /* Base */ = {isa = PBXFileReference; lastKnownFileType = file.storyboard; name = Base; path = Base.lproj/Main.storyboard; sourceTree = "<group>"; };
		91B1B2D91F16F3B200EA0E70 /* Assets.xcassets */ = {isa = PBXFileReference; lastKnownFileType = folder.assetcatalog; path = Assets.xcassets; sourceTree = "<group>"; };
		91B1B2DC1F16F3B200EA0E70 /* Base */ = {isa = PBXFileReference; lastKnownFileType = file.storyboard; name = Base; path = Base.lproj/LaunchScreen.storyboard; sourceTree = "<group>"; };
		91B1B2DE1F16F3B200EA0E70 /* Info.plist */ = {isa = PBXFileReference; lastKnownFileType = text.plist.xml; path = Info.plist; sourceTree = "<group>"; };
		91B1B2E41F16F46000EA0E70 /* GoogleService-Info.plist */ = {isa = PBXFileReference; fileEncoding = 4; lastKnownFileType = text.plist.xml; path = "GoogleService-Info.plist"; sourceTree = "<group>"; };
		91B1B2EA1F184D7A00EA0E70 /* Jack in the Box.ttf */ = {isa = PBXFileReference; lastKnownFileType = file; path = "Jack in the Box.ttf"; sourceTree = "<group>"; };
		91B1B2EC1F185D7D00EA0E70 /* FancyView.swift */ = {isa = PBXFileReference; fileEncoding = 4; lastKnownFileType = sourcecode.swift; path = FancyView.swift; sourceTree = "<group>"; };
		91B1B2EF1F185E3500EA0E70 /* Constants.swift */ = {isa = PBXFileReference; fileEncoding = 4; lastKnownFileType = sourcecode.swift; path = Constants.swift; sourceTree = "<group>"; };
		91B1B2F11F18652A00EA0E70 /* RoundBtn.swift */ = {isa = PBXFileReference; fileEncoding = 4; lastKnownFileType = sourcecode.swift; path = RoundBtn.swift; sourceTree = "<group>"; };
		91B1B2F31F18684800EA0E70 /* FancyField.swift */ = {isa = PBXFileReference; fileEncoding = 4; lastKnownFileType = sourcecode.swift; path = FancyField.swift; sourceTree = "<group>"; };
		91B1B2F51F186A9900EA0E70 /* FancyBtn.swift */ = {isa = PBXFileReference; fileEncoding = 4; lastKnownFileType = sourcecode.swift; path = FancyBtn.swift; sourceTree = "<group>"; };
		91B1B3001F21D1E700EA0E70 /* CluckCluck.entitlements */ = {isa = PBXFileReference; lastKnownFileType = text.plist.entitlements; path = CluckCluck.entitlements; sourceTree = "<group>"; };
		CF7D6162AC6918A53EBF3B22 /* Pods-CluckCluck.debug.xcconfig */ = {isa = PBXFileReference; includeInIndex = 1; lastKnownFileType = text.xcconfig; name = "Pods-CluckCluck.debug.xcconfig"; path = "Pods/Target Support Files/Pods-CluckCluck/Pods-CluckCluck.debug.xcconfig"; sourceTree = "<group>"; };
		F345753B90DFC7A21EC49876 /* Pods-CluckCluck.release.xcconfig */ = {isa = PBXFileReference; includeInIndex = 1; lastKnownFileType = text.xcconfig; name = "Pods-CluckCluck.release.xcconfig"; path = "Pods/Target Support Files/Pods-CluckCluck/Pods-CluckCluck.release.xcconfig"; sourceTree = "<group>"; };
/* End PBXFileReference section */

/* Begin PBXFrameworksBuildPhase section */
		91B1B2CC1F16F3B200EA0E70 /* Frameworks */ = {
			isa = PBXFrameworksBuildPhase;
			buildActionMask = 2147483647;
			files = (
				CE04E93D9C7D1DB591A98CC2 /* Pods_CluckCluck.framework in Frameworks */,
			);
			runOnlyForDeploymentPostprocessing = 0;
		};
/* End PBXFrameworksBuildPhase section */

/* Begin PBXGroup section */
		56BB07E557CB982290F7D372 /* Frameworks */ = {
			isa = PBXGroup;
			children = (
				33D380606400208AA9C9B8D9 /* Pods_CluckCluck.framework */,
			);
			name = Frameworks;
			sourceTree = "<group>";
		};
		91B1B2C61F16F3B200EA0E70 = {
			isa = PBXGroup;
			children = (
				91B1B2D11F16F3B200EA0E70 /* CluckCluck */,
				91B1B2D01F16F3B200EA0E70 /* Products */,
				C1B203845D87845869EC74FE /* Pods */,
				56BB07E557CB982290F7D372 /* Frameworks */,
			);
			sourceTree = "<group>";
		};
		91B1B2D01F16F3B200EA0E70 /* Products */ = {
			isa = PBXGroup;
			children = (
				91B1B2CF1F16F3B200EA0E70 /* CluckCluck.app */,
			);
			name = Products;
			sourceTree = "<group>";
		};
		91B1B2D11F16F3B200EA0E70 /* CluckCluck */ = {
			isa = PBXGroup;
			children = (
				91B1B3001F21D1E700EA0E70 /* CluckCluck.entitlements */,
				91B1B2F71F21CDBC00EA0E70 /* New Group */,
				91B1B2EE1F185E1E00EA0E70 /* Util */,
				91B1B2E91F184D5D00EA0E70 /* Resources */,
				91B1B2E81F177B7300EA0E70 /* Model */,
				91B1B2E71F177B6D00EA0E70 /* View */,
				91B1B2E61F177B6500EA0E70 /* Controller */,
				91B1B2D21F16F3B200EA0E70 /* AppDelegate.swift */,
				91B1B2D61F16F3B200EA0E70 /* Main.storyboard */,
				91B1B2D91F16F3B200EA0E70 /* Assets.xcassets */,
				91B1B2DB1F16F3B200EA0E70 /* LaunchScreen.storyboard */,
				91B1B2DE1F16F3B200EA0E70 /* Info.plist */,
				91B1B2E41F16F46000EA0E70 /* GoogleService-Info.plist */,
			);
			path = CluckCluck;
			sourceTree = "<group>";
		};
		91B1B2E61F177B6500EA0E70 /* Controller */ = {
			isa = PBXGroup;
			children = (
				91B1B2D41F16F3B200EA0E70 /* SignInVC.swift */,
				916C81761F22D1BF002FEEC9 /* FeedVC.swift */,
			);
			name = Controller;
			sourceTree = "<group>";
		};
		91B1B2E71F177B6D00EA0E70 /* View */ = {
			isa = PBXGroup;
			children = (
				91B1B2EC1F185D7D00EA0E70 /* FancyView.swift */,
				91B1B2F11F18652A00EA0E70 /* RoundBtn.swift */,
				91B1B2F31F18684800EA0E70 /* FancyField.swift */,
				91B1B2F51F186A9900EA0E70 /* FancyBtn.swift */,
			);
			name = View;
			sourceTree = "<group>";
		};
		91B1B2E81F177B7300EA0E70 /* Model */ = {
			isa = PBXGroup;
			children = (
			);
			name = Model;
			sourceTree = "<group>";
		};
		91B1B2E91F184D5D00EA0E70 /* Resources */ = {
			isa = PBXGroup;
			children = (
				91B1B2EA1F184D7A00EA0E70 /* Jack in the Box.ttf */,
			);
			name = Resources;
			sourceTree = "<group>";
		};
		91B1B2EE1F185E1E00EA0E70 /* Util */ = {
			isa = PBXGroup;
			children = (
				91B1B2EF1F185E3500EA0E70 /* Constants.swift */,
			);
			name = Util;
			sourceTree = "<group>";
		};
		91B1B2F71F21CDBC00EA0E70 /* New Group */ = {
			isa = PBXGroup;
			children = (
			);
			name = "New Group";
			sourceTree = "<group>";
		};
		C1B203845D87845869EC74FE /* Pods */ = {
			isa = PBXGroup;
			children = (
				CF7D6162AC6918A53EBF3B22 /* Pods-CluckCluck.debug.xcconfig */,
				F345753B90DFC7A21EC49876 /* Pods-CluckCluck.release.xcconfig */,
			);
			name = Pods;
			sourceTree = "<group>";
		};
/* End PBXGroup section */

/* Begin PBXNativeTarget section */
		91B1B2CE1F16F3B200EA0E70 /* CluckCluck */ = {
			isa = PBXNativeTarget;
			buildConfigurationList = 91B1B2E11F16F3B200EA0E70 /* Build configuration list for PBXNativeTarget "CluckCluck" */;
			buildPhases = (
				BDC487CD75CA12779442F1BB /* [CP] Check Pods Manifest.lock */,
				91B1B2CB1F16F3B200EA0E70 /* Sources */,
				91B1B2CC1F16F3B200EA0E70 /* Frameworks */,
				91B1B2CD1F16F3B200EA0E70 /* Resources */,
				833F9DE87C15BC72192BC7E7 /* [CP] Embed Pods Frameworks */,
				3FDA697D9DC668424F72F577 /* [CP] Copy Pods Resources */,
			);
			buildRules = (
			);
			dependencies = (
			);
			name = CluckCluck;
			productName = CluckCluck;
			productReference = 91B1B2CF1F16F3B200EA0E70 /* CluckCluck.app */;
			productType = "com.apple.product-type.application";
		};
/* End PBXNativeTarget section */

/* Begin PBXProject section */
		91B1B2C71F16F3B200EA0E70 /* Project object */ = {
			isa = PBXProject;
			attributes = {
				LastSwiftUpdateCheck = 0830;
				LastUpgradeCheck = 0830;
				ORGANIZATIONNAME = "Tyron Spencer";
				TargetAttributes = {
					91B1B2CE1F16F3B200EA0E70 = {
						CreatedOnToolsVersion = 8.3.3;
						DevelopmentTeam = LSZ87KVZP6;
						ProvisioningStyle = Automatic;
						SystemCapabilities = {
							com.apple.Keychain = {
								enabled = 0;
							};
						};
					};
				};
			};
			buildConfigurationList = 91B1B2CA1F16F3B200EA0E70 /* Build configuration list for PBXProject "CluckCluck" */;
			compatibilityVersion = "Xcode 3.2";
			developmentRegion = English;
			hasScannedForEncodings = 0;
			knownRegions = (
				en,
				Base,
			);
			mainGroup = 91B1B2C61F16F3B200EA0E70;
			productRefGroup = 91B1B2D01F16F3B200EA0E70 /* Products */;
			projectDirPath = "";
			projectRoot = "";
			targets = (
				91B1B2CE1F16F3B200EA0E70 /* CluckCluck */,
			);
		};
/* End PBXProject section */

/* Begin PBXResourcesBuildPhase section */
		91B1B2CD1F16F3B200EA0E70 /* Resources */ = {
			isa = PBXResourcesBuildPhase;
			buildActionMask = 2147483647;
			files = (
				91B1B2DD1F16F3B200EA0E70 /* LaunchScreen.storyboard in Resources */,
				91B1B2DA1F16F3B200EA0E70 /* Assets.xcassets in Resources */,
				91B1B2D81F16F3B200EA0E70 /* Main.storyboard in Resources */,
				91B1B2EB1F184D7A00EA0E70 /* Jack in the Box.ttf in Resources */,
				91B1B2E51F16F46000EA0E70 /* GoogleService-Info.plist in Resources */,
			);
			runOnlyForDeploymentPostprocessing = 0;
		};
/* End PBXResourcesBuildPhase section */

/* Begin PBXShellScriptBuildPhase section */
		3FDA697D9DC668424F72F577 /* [CP] Copy Pods Resources */ = {
			isa = PBXShellScriptBuildPhase;
			buildActionMask = 2147483647;
			files = (
			);
			inputPaths = (
			);
			name = "[CP] Copy Pods Resources";
			outputPaths = (
			);
			runOnlyForDeploymentPostprocessing = 0;
			shellPath = /bin/sh;
			shellScript = "\"${SRCROOT}/Pods/Target Support Files/Pods-CluckCluck/Pods-CluckCluck-resources.sh\"\n";
			showEnvVarsInLog = 0;
		};
		833F9DE87C15BC72192BC7E7 /* [CP] Embed Pods Frameworks */ = {
			isa = PBXShellScriptBuildPhase;
			buildActionMask = 2147483647;
			files = (
			);
			inputPaths = (
			);
			name = "[CP] Embed Pods Frameworks";
			outputPaths = (
			);
			runOnlyForDeploymentPostprocessing = 0;
			shellPath = /bin/sh;
			shellScript = "\"${SRCROOT}/Pods/Target Support Files/Pods-CluckCluck/Pods-CluckCluck-frameworks.sh\"\n";
			showEnvVarsInLog = 0;
		};
		BDC487CD75CA12779442F1BB /* [CP] Check Pods Manifest.lock */ = {
			isa = PBXShellScriptBuildPhase;
			buildActionMask = 2147483647;
			files = (
			);
			inputPaths = (
			);
			name = "[CP] Check Pods Manifest.lock";
			outputPaths = (
			);
			runOnlyForDeploymentPostprocessing = 0;
			shellPath = /bin/sh;
			shellScript = "diff \"${PODS_PODFILE_DIR_PATH}/Podfile.lock\" \"${PODS_ROOT}/Manifest.lock\" > /dev/null\nif [ $? != 0 ] ; then\n    # print error to STDERR\n    echo \"error: The sandbox is not in sync with the Podfile.lock. Run 'pod install' or update your CocoaPods installation.\" >&2\n    exit 1\nfi\n";
			showEnvVarsInLog = 0;
		};
/* End PBXShellScriptBuildPhase section */

/* Begin PBXSourcesBuildPhase section */
		91B1B2CB1F16F3B200EA0E70 /* Sources */ = {
			isa = PBXSourcesBuildPhase;
			buildActionMask = 2147483647;
			files = (
				91B1B2F41F18684800EA0E70 /* FancyField.swift in Sources */,
				91B1B2D51F16F3B200EA0E70 /* SignInVC.swift in Sources */,
				91B1B2F21F18652A00EA0E70 /* RoundBtn.swift in Sources */,
				91B1B2D31F16F3B200EA0E70 /* AppDelegate.swift in Sources */,
				916C81771F22D1BF002FEEC9 /* FeedVC.swift in Sources */,
				91B1B2ED1F185D7D00EA0E70 /* FancyView.swift in Sources */,
				91B1B2F01F185E3500EA0E70 /* Constants.swift in Sources */,
				91B1B2F61F186A9900EA0E70 /* FancyBtn.swift in Sources */,
			);
			runOnlyForDeploymentPostprocessing = 0;
		};
/* End PBXSourcesBuildPhase section */

/* Begin PBXVariantGroup section */
		91B1B2D61F16F3B200EA0E70 /* Main.storyboard */ = {
			isa = PBXVariantGroup;
			children = (
				91B1B2D71F16F3B200EA0E70 /* Base */,
			);
			name = Main.storyboard;
			sourceTree = "<group>";
		};
		91B1B2DB1F16F3B200EA0E70 /* LaunchScreen.storyboard */ = {
			isa = PBXVariantGroup;
			children = (
				91B1B2DC1F16F3B200EA0E70 /* Base */,
			);
			name = LaunchScreen.storyboard;
			sourceTree = "<group>";
		};
/* End PBXVariantGroup section */

/* Begin XCBuildConfiguration section */
		91B1B2DF1F16F3B200EA0E70 /* Debug */ = {
			isa = XCBuildConfiguration;
			buildSettings = {
				ALWAYS_SEARCH_USER_PATHS = NO;
				CLANG_ANALYZER_NONNULL = YES;
				CLANG_ANALYZER_NUMBER_OBJECT_CONVERSION = YES_AGGRESSIVE;
				CLANG_CXX_LANGUAGE_STANDARD = "gnu++0x";
				CLANG_CXX_LIBRARY = "libc++";
				CLANG_ENABLE_MODULES = YES;
				CLANG_ENABLE_OBJC_ARC = YES;
				CLANG_WARN_BOOL_CONVERSION = YES;
				CLANG_WARN_CONSTANT_CONVERSION = YES;
				CLANG_WARN_DIRECT_OBJC_ISA_USAGE = YES_ERROR;
				CLANG_WARN_DOCUMENTATION_COMMENTS = YES;
				CLANG_WARN_EMPTY_BODY = YES;
				CLANG_WARN_ENUM_CONVERSION = YES;
				CLANG_WARN_INFINITE_RECURSION = YES;
				CLANG_WARN_INT_CONVERSION = YES;
				CLANG_WARN_OBJC_ROOT_CLASS = YES_ERROR;
				CLANG_WARN_SUSPICIOUS_MOVE = YES;
				CLANG_WARN_UNREACHABLE_CODE = YES;
				CLANG_WARN__DUPLICATE_METHOD_MATCH = YES;
				"CODE_SIGN_IDENTITY[sdk=iphoneos*]" = "iPhone Developer";
				COPY_PHASE_STRIP = NO;
				DEBUG_INFORMATION_FORMAT = dwarf;
				ENABLE_STRICT_OBJC_MSGSEND = YES;
				ENABLE_TESTABILITY = YES;
				GCC_C_LANGUAGE_STANDARD = gnu99;
				GCC_DYNAMIC_NO_PIC = NO;
				GCC_NO_COMMON_BLOCKS = YES;
				GCC_OPTIMIZATION_LEVEL = 0;
				GCC_PREPROCESSOR_DEFINITIONS = (
					"DEBUG=1",
					"$(inherited)",
				);
				GCC_WARN_64_TO_32_BIT_CONVERSION = YES;
				GCC_WARN_ABOUT_RETURN_TYPE = YES_ERROR;
				GCC_WARN_UNDECLARED_SELECTOR = YES;
				GCC_WARN_UNINITIALIZED_AUTOS = YES_AGGRESSIVE;
				GCC_WARN_UNUSED_FUNCTION = YES;
				GCC_WARN_UNUSED_VARIABLE = YES;
				IPHONEOS_DEPLOYMENT_TARGET = 10.3;
				MTL_ENABLE_DEBUG_INFO = YES;
				ONLY_ACTIVE_ARCH = YES;
				SDKROOT = iphoneos;
				SWIFT_ACTIVE_COMPILATION_CONDITIONS = DEBUG;
				SWIFT_OPTIMIZATION_LEVEL = "-Onone";
				TARGETED_DEVICE_FAMILY = "1,2";
			};
			name = Debug;
		};
		91B1B2E01F16F3B200EA0E70 /* Release */ = {
			isa = XCBuildConfiguration;
			buildSettings = {
				ALWAYS_SEARCH_USER_PATHS = NO;
				CLANG_ANALYZER_NONNULL = YES;
				CLANG_ANALYZER_NUMBER_OBJECT_CONVERSION = YES_AGGRESSIVE;
				CLANG_CXX_LANGUAGE_STANDARD = "gnu++0x";
				CLANG_CXX_LIBRARY = "libc++";
				CLANG_ENABLE_MODULES = YES;
				CLANG_ENABLE_OBJC_ARC = YES;
				CLANG_WARN_BOOL_CONVERSION = YES;
				CLANG_WARN_CONSTANT_CONVERSION = YES;
				CLANG_WARN_DIRECT_OBJC_ISA_USAGE = YES_ERROR;
				CLANG_WARN_DOCUMENTATION_COMMENTS = YES;
				CLANG_WARN_EMPTY_BODY = YES;
				CLANG_WARN_ENUM_CONVERSION = YES;
				CLANG_WARN_INFINITE_RECURSION = YES;
				CLANG_WARN_INT_CONVERSION = YES;
				CLANG_WARN_OBJC_ROOT_CLASS = YES_ERROR;
				CLANG_WARN_SUSPICIOUS_MOVE = YES;
				CLANG_WARN_UNREACHABLE_CODE = YES;
				CLANG_WARN__DUPLICATE_METHOD_MATCH = YES;
				"CODE_SIGN_IDENTITY[sdk=iphoneos*]" = "iPhone Developer";
				COPY_PHASE_STRIP = NO;
				DEBUG_INFORMATION_FORMAT = "dwarf-with-dsym";
				ENABLE_NS_ASSERTIONS = NO;
				ENABLE_STRICT_OBJC_MSGSEND = YES;
				GCC_C_LANGUAGE_STANDARD = gnu99;
				GCC_NO_COMMON_BLOCKS = YES;
				GCC_WARN_64_TO_32_BIT_CONVERSION = YES;
				GCC_WARN_ABOUT_RETURN_TYPE = YES_ERROR;
				GCC_WARN_UNDECLARED_SELECTOR = YES;
				GCC_WARN_UNINITIALIZED_AUTOS = YES_AGGRESSIVE;
				GCC_WARN_UNUSED_FUNCTION = YES;
				GCC_WARN_UNUSED_VARIABLE = YES;
				IPHONEOS_DEPLOYMENT_TARGET = 10.3;
				MTL_ENABLE_DEBUG_INFO = NO;
				SDKROOT = iphoneos;
				SWIFT_OPTIMIZATION_LEVEL = "-Owholemodule";
				TARGETED_DEVICE_FAMILY = "1,2";
				VALIDATE_PRODUCT = YES;
			};
			name = Release;
		};
		91B1B2E21F16F3B200EA0E70 /* Debug */ = {
			isa = XCBuildConfiguration;
			baseConfigurationReference = CF7D6162AC6918A53EBF3B22 /* Pods-CluckCluck.debug.xcconfig */;
			buildSettings = {
				ASSETCATALOG_COMPILER_APPICON_NAME = AppIcon;
				DEVELOPMENT_TEAM = LSZ87KVZP6;
				INFOPLIST_FILE = CluckCluck/Info.plist;
				LD_RUNPATH_SEARCH_PATHS = "$(inherited) @executable_path/Frameworks";
				PRODUCT_BUNDLE_IDENTIFIER = com.olijoApps.CluckCluck;
				PRODUCT_NAME = "$(TARGET_NAME)";
				SWIFT_VERSION = 3.0;
			};
			name = Debug;
		};
		91B1B2E31F16F3B200EA0E70 /* Release */ = {
			isa = XCBuildConfiguration;
			baseConfigurationReference = F345753B90DFC7A21EC49876 /* Pods-CluckCluck.release.xcconfig */;
			buildSettings = {
				ASSETCATALOG_COMPILER_APPICON_NAME = AppIcon;
				DEVELOPMENT_TEAM = LSZ87KVZP6;
				INFOPLIST_FILE = CluckCluck/Info.plist;
				LD_RUNPATH_SEARCH_PATHS = "$(inherited) @executable_path/Frameworks";
				PRODUCT_BUNDLE_IDENTIFIER = com.olijoApps.CluckCluck;
				PRODUCT_NAME = "$(TARGET_NAME)";
				SWIFT_VERSION = 3.0;
			};
			name = Release;
		};
/* End XCBuildConfiguration section */

/* Begin XCConfigurationList section */
		91B1B2CA1F16F3B200EA0E70 /* Build configuration list for PBXProject "CluckCluck" */ = {
			isa = XCConfigurationList;
			buildConfigurations = (
				91B1B2DF1F16F3B200EA0E70 /* Debug */,
				91B1B2E01F16F3B200EA0E70 /* Release */,
			);
			defaultConfigurationIsVisible = 0;
			defaultConfigurationName = Release;
		};
		91B1B2E11F16F3B200EA0E70 /* Build configuration list for PBXNativeTarget "CluckCluck" */ = {
			isa = XCConfigurationList;
			buildConfigurations = (
				91B1B2E21F16F3B200EA0E70 /* Debug */,
				91B1B2E31F16F3B200EA0E70 /* Release */,
			);
			defaultConfigurationIsVisible = 0;
			defaultConfigurationName = Release;
		};
/* End XCConfigurationList section */
	};
	rootObject = 91B1B2C71F16F3B200EA0E70 /* Project object */;
}
