// !$*UTF8*$!
{
	archiveVersion = 1;
	classes = {
	};
	objectVersion = 46;
	objects = {

/* Begin PBXBuildFile section */
		91B1B2D31F16F3B200EA0E70 /* AppDelegate.swift in Sources */ = {isa = PBXBuildFile; fileRef = 91B1B2D21F16F3B200EA0E70 /* AppDelegate.swift */; };
		91B1B2D51F16F3B200EA0E70 /* ViewController.swift in Sources */ = {isa = PBXBuildFile; fileRef = 91B1B2D41F16F3B200EA0E70 /* ViewController.swift */; };
		91B1B2D81F16F3B200EA0E70 /* Main.storyboard in Resources */ = {isa = PBXBuildFile; fileRef = 91B1B2D61F16F3B200EA0E70 /* Main.storyboard */; };
		91B1B2DA1F16F3B200EA0E70 /* Assets.xcassets in Resources */ = {isa = PBXBuildFile; fileRef = 91B1B2D91F16F3B200EA0E70 /* Assets.xcassets */; };
		91B1B2DD1F16F3B200EA0E70 /* LaunchScreen.storyboard in Resources */ = {isa = PBXBuildFile; fileRef = 91B1B2DB1F16F3B200EA0E70 /* LaunchScreen.storyboard */; };
/* End PBXBuildFile section */

/* Begin PBXFileReference section */
		91B1B2CF1F16F3B200EA0E70 /* CluckCluck.app */ = {isa = PBXFileReference; explicitFileType = wrapper.application; includeInIndex = 0; path = CluckCluck.app; sourceTree = BUILT_PRODUCTS_DIR; };
		91B1B2D21F16F3B200EA0E70 /* AppDelegate.swift */ = {isa = PBXFileReference; lastKnownFileType = sourcecode.swift; path = AppDelegate.swift; sourceTree = "<group>"; };
		91B1B2D41F16F3B200EA0E70 /* ViewController.swift */ = {isa = PBXFileReference; lastKnownFileType = sourcecode.swift; path = ViewController.swift; sourceTree = "<group>"; };
		91B1B2D71F16F3B200EA0E70 /* Base */ = {isa = PBXFileReference; lastKnownFileType = file.storyboard; name = Base; path = Base.lproj/Main.storyboard; sourceTree = "<group>"; };
		91B1B2D91F16F3B200EA0E70 /* Assets.xcassets */ = {isa = PBXFileReference; lastKnownFileType = folder.assetcatalog; path = Assets.xcassets; sourceTree = "<group>"; };
		91B1B2DC1F16F3B200EA0E70 /* Base */ = {isa = PBXFileReference; lastKnownFileType = file.storyboard; name = Base; path = Base.lproj/LaunchScreen.storyboard; sourceTree = "<group>"; };
		91B1B2DE1F16F3B200EA0E70 /* Info.plist */ = {isa = PBXFileReference; lastKnownFileType = text.plist.xml; path = Info.plist; sourceTree = "<group>"; };
/* End PBXFileReference section */

/* Begin PBXFrameworksBuildPhase section */
		91B1B2CC1F16F3B200EA0E70 /* Frameworks */ = {
			isa = PBXFrameworksBuildPhase;
			buildActionMask = 2147483647;
			files = (
			);
			runOnlyForDeploymentPostprocessing = 0;
		};
/* End PBXFrameworksBuildPhase section */

/* Begin PBXGroup section */
		91B1B2C61F16F3B200EA0E70 = {
			isa = PBXGroup;
			children = (
				91B1B2D11F16F3B200EA0E70 /* CluckCluck */,
				91B1B2D01F16F3B200EA0E70 /* Products */,
			);
			sourceTree = "<group>";
		};
		91B1B2D01F16F3B200EA0E70 /* Products */ = {
			isa = PBXGroup;
			children = (
				91B1B2CF1F16F3B200EA0E70 /* CluckCluck.app */,
			);
			name = Products;
			sourceTree = "<group>";
		};
		91B1B2D11F16F3B200EA0E70 /* CluckCluck */ = {
			isa = PBXGroup;
			children = (
				91B1B2D21F16F3B200EA0E70 /* AppDelegate.swift */,
				91B1B2D41F16F3B200EA0E70 /* ViewController.swift */,
				91B1B2D61F16F3B200EA0E70 /* Main.storyboard */,
				91B1B2D91F16F3B200EA0E70 /* Assets.xcassets */,
				91B1B2DB1F16F3B200EA0E70 /* LaunchScreen.storyboard */,
				91B1B2DE1F16F3B200EA0E70 /* Info.plist */,
			);
			path = CluckCluck;
			sourceTree = "<group>";
		};
/* End PBXGroup section */

/* Begin PBXNativeTarget section */
		91B1B2CE1F16F3B200EA0E70 /* CluckCluck */ = {
			isa = PBXNativeTarget;
			buildConfigurationList = 91B1B2E11F16F3B200EA0E70 /* Build configuration list for PBXNativeTarget "CluckCluck" */;
			buildPhases = (
				91B1B2CB1F16F3B200EA0E70 /* Sources */,
				91B1B2CC1F16F3B200EA0E70 /* Frameworks */,
				91B1B2CD1F16F3B200EA0E70 /* Resources */,
			);
			buildRules = (
			);
			dependencies = (
			);
			name = CluckCluck;
			productName = CluckCluck;
			productReference = 91B1B2CF1F16F3B200EA0E70 /* CluckCluck.app */;
			productType = "com.apple.product-type.application";
		};
/* End PBXNativeTarget section */

/* Begin PBXProject section */
		91B1B2C71F16F3B200EA0E70 /* Project object */ = {
			isa = PBXProject;
			attributes = {
				LastSwiftUpdateCheck = 0830;
				LastUpgradeCheck = 0830;
				ORGANIZATIONNAME = "Tyron Spencer";
				TargetAttributes = {
					91B1B2CE1F16F3B200EA0E70 = {
						CreatedOnToolsVersion = 8.3.3;
						DevelopmentTeam = LSZ87KVZP6;
						ProvisioningStyle = Automatic;
					};
				};
			};
			buildConfigurationList = 91B1B2CA1F16F3B200EA0E70 /* Build configuration list for PBXProject "CluckCluck" */;
			compatibilityVersion = "Xcode 3.2";
			developmentRegion = English;
			hasScannedForEncodings = 0;
			knownRegions = (
				en,
				Base,
			);
			mainGroup = 91B1B2C61F16F3B200EA0E70;
			productRefGroup = 91B1B2D01F16F3B200EA0E70 /* Products */;
			projectDirPath = "";
			projectRoot = "";
			targets = (
				91B1B2CE1F16F3B200EA0E70 /* CluckCluck */,
			);
		};
/* End PBXProject section */

/* Begin PBXResourcesBuildPhase section */
		91B1B2CD1F16F3B200EA0E70 /* Resources */ = {
			isa = PBXResourcesBuildPhase;
			buildActionMask = 2147483647;
			files = (
				91B1B2DD1F16F3B200EA0E70 /* LaunchScreen.storyboard in Resources */,
				91B1B2DA1F16F3B200EA0E70 /* Assets.xcassets in Resources */,
				91B1B2D81F16F3B200EA0E70 /* Main.storyboard in Resources */,
			);
			runOnlyForDeploymentPostprocessing = 0;
		};
/* End PBXResourcesBuildPhase section */

/* Begin PBXSourcesBuildPhase section */
		91B1B2CB1F16F3B200EA0E70 /* Sources */ = {
			isa = PBXSourcesBuildPhase;
			buildActionMask = 2147483647;
			files = (
				91B1B2D51F16F3B200EA0E70 /* ViewController.swift in Sources */,
				91B1B2D31F16F3B200EA0E70 /* AppDelegate.swift in Sources */,
			);
			runOnlyForDeploymentPostprocessing = 0;
		};
/* End PBXSourcesBuildPhase section */

/* Begin PBXVariantGroup section */
		91B1B2D61F16F3B200EA0E70 /* Main.storyboard */ = {
			isa = PBXVariantGroup;
			children = (
				91B1B2D71F16F3B200EA0E70 /* Base */,
			);
			name = Main.storyboard;
			sourceTree = "<group>";
		};
		91B1B2DB1F16F3B200EA0E70 /* LaunchScreen.storyboard */ = {
			isa = PBXVariantGroup;
			children = (
				91B1B2DC1F16F3B200EA0E70 /* Base */,
			);
			name = LaunchScreen.storyboard;
			sourceTree = "<group>";
		};
/* End PBXVariantGroup section */

/* Begin XCBuildConfiguration section */
		91B1B2DF1F16F3B200EA0E70 /* Debug */ = {
			isa = XCBuildConfiguration;
			buildSettings = {
				ALWAYS_SEARCH_USER_PATHS = NO;
				CLANG_ANALYZER_NONNULL = YES;
				CLANG_ANALYZER_NUMBER_OBJECT_CONVERSION = YES_AGGRESSIVE;
				CLANG_CXX_LANGUAGE_STANDARD = "gnu++0x";
				CLANG_CXX_LIBRARY = "libc++";
				CLANG_ENABLE_MODULES = YES;
				CLANG_ENABLE_OBJC_ARC = YES;
				CLANG_WARN_BOOL_CONVERSION = YES;
				CLANG_WARN_CONSTANT_CONVERSION = YES;
				CLANG_WARN_DIRECT_OBJC_ISA_USAGE = YES_ERROR;
				CLANG_WARN_DOCUMENTATION_COMMENTS = YES;
				CLANG_WARN_EMPTY_BODY = YES;
				CLANG_WARN_ENUM_CONVERSION = YES;
				CLANG_WARN_INFINITE_RECURSION = YES;
				CLANG_WARN_INT_CONVERSION = YES;
				CLANG_WARN_OBJC_ROOT_CLASS = YES_ERROR;
				CLANG_WARN_SUSPICIOUS_MOVE = YES;
				CLANG_WARN_UNREACHABLE_CODE = YES;
				CLANG_WARN__DUPLICATE_METHOD_MATCH = YES;
				"CODE_SIGN_IDENTITY[sdk=iphoneos*]" = "iPhone Developer";
				COPY_PHASE_STRIP = NO;
				DEBUG_INFORMATION_FORMAT = dwarf;
				ENABLE_STRICT_OBJC_MSGSEND = YES;
				ENABLE_TESTABILITY = YES;
				GCC_C_LANGUAGE_STANDARD = gnu99;
				GCC_DYNAMIC_NO_PIC = NO;
				GCC_NO_COMMON_BLOCKS = YES;
				GCC_OPTIMIZATION_LEVEL = 0;
				GCC_PREPROCESSOR_DEFINITIONS = (
					"DEBUG=1",
					"$(inherited)",
				);
				GCC_WARN_64_TO_32_BIT_CONVERSION = YES;
				GCC_WARN_ABOUT_RETURN_TYPE = YES_ERROR;
				GCC_WARN_UNDECLARED_SELECTOR = YES;
				GCC_WARN_UNINITIALIZED_AUTOS = YES_AGGRESSIVE;
				GCC_WARN_UNUSED_FUNCTION = YES;
				GCC_WARN_UNUSED_VARIABLE = YES;
				IPHONEOS_DEPLOYMENT_TARGET = 10.3;
				MTL_ENABLE_DEBUG_INFO = YES;
				ONLY_ACTIVE_ARCH = YES;
				SDKROOT = iphoneos;
				SWIFT_ACTIVE_COMPILATION_CONDITIONS = DEBUG;
				SWIFT_OPTIMIZATION_LEVEL = "-Onone";
				TARGETED_DEVICE_FAMILY = "1,2";
			};
			name = Debug;
		};
		91B1B2E01F16F3B200EA0E70 /* Release */ = {
			isa = XCBuildConfiguration;
			buildSettings = {
				ALWAYS_SEARCH_USER_PATHS = NO;
				CLANG_ANALYZER_NONNULL = YES;
				CLANG_ANALYZER_NUMBER_OBJECT_CONVERSION = YES_AGGRESSIVE;
				CLANG_CXX_LANGUAGE_STANDARD = "gnu++0x";
				CLANG_CXX_LIBRARY = "libc++";
				CLANG_ENABLE_MODULES = YES;
				CLANG_ENABLE_OBJC_ARC = YES;
				CLANG_WARN_BOOL_CONVERSION = YES;
				CLANG_WARN_CONSTANT_CONVERSION = YES;
				CLANG_WARN_DIRECT_OBJC_ISA_USAGE = YES_ERROR;
				CLANG_WARN_DOCUMENTATION_COMMENTS = YES;
				CLANG_WARN_EMPTY_BODY = YES;
				CLANG_WARN_ENUM_CONVERSION = YES;
				CLANG_WARN_INFINITE_RECURSION = YES;
				CLANG_WARN_INT_CONVERSION = YES;
				CLANG_WARN_OBJC_ROOT_CLASS = YES_ERROR;
				CLANG_WARN_SUSPICIOUS_MOVE = YES;
				CLANG_WARN_UNREACHABLE_CODE = YES;
				CLANG_WARN__DUPLICATE_METHOD_MATCH = YES;
				"CODE_SIGN_IDENTITY[sdk=iphoneos*]" = "iPhone Developer";
				COPY_PHASE_STRIP = NO;
				DEBUG_INFORMATION_FORMAT = "dwarf-with-dsym";
				ENABLE_NS_ASSERTIONS = NO;
				ENABLE_STRICT_OBJC_MSGSEND = YES;
				GCC_C_LANGUAGE_STANDARD = gnu99;
				GCC_NO_COMMON_BLOCKS = YES;
				GCC_WARN_64_TO_32_BIT_CONVERSION = YES;
				GCC_WARN_ABOUT_RETURN_TYPE = YES_ERROR;
				GCC_WARN_UNDECLARED_SELECTOR = YES;
				GCC_WARN_UNINITIALIZED_AUTOS = YES_AGGRESSIVE;
				GCC_WARN_UNUSED_FUNCTION = YES;
				GCC_WARN_UNUSED_VARIABLE = YES;
				IPHONEOS_DEPLOYMENT_TARGET = 10.3;
				MTL_ENABLE_DEBUG_INFO = NO;
				SDKROOT = iphoneos;
				SWIFT_OPTIMIZATION_LEVEL = "-Owholemodule";
				TARGETED_DEVICE_FAMILY = "1,2";
				VALIDATE_PRODUCT = YES;
			};
			name = Release;
		};
		91B1B2E21F16F3B200EA0E70 /* Debug */ = {
			isa = XCBuildConfiguration;
			buildSettings = {
				ASSETCATALOG_COMPILER_APPICON_NAME = AppIcon;
				DEVELOPMENT_TEAM = LSZ87KVZP6;
				INFOPLIST_FILE = CluckCluck/Info.plist;
				LD_RUNPATH_SEARCH_PATHS = "$(inherited) @executable_path/Frameworks";
				PRODUCT_BUNDLE_IDENTIFIER = com.olijoApps.CluckCluck;
				PRODUCT_NAME = "$(TARGET_NAME)";
				SWIFT_VERSION = 3.0;
			};
			name = Debug;
		};
		91B1B2E31F16F3B200EA0E70 /* Release */ = {
			isa = XCBuildConfiguration;
			buildSettings = {
				ASSETCATALOG_COMPILER_APPICON_NAME = AppIcon;
				DEVELOPMENT_TEAM = LSZ87KVZP6;
				INFOPLIST_FILE = CluckCluck/Info.plist;
				LD_RUNPATH_SEARCH_PATHS = "$(inherited) @executable_path/Frameworks";
				PRODUCT_BUNDLE_IDENTIFIER = com.olijoApps.CluckCluck;
				PRODUCT_NAME = "$(TARGET_NAME)";
				SWIFT_VERSION = 3.0;
			};
			name = Release;
		};
/* End XCBuildConfiguration section */

/* Begin XCConfigurationList section */
		91B1B2CA1F16F3B200EA0E70 /* Build configuration list for PBXProject "CluckCluck" */ = {
			isa = XCConfigurationList;
			buildConfigurations = (
				91B1B2DF1F16F3B200EA0E70 /* Debug */,
				91B1B2E01F16F3B200EA0E70 /* Release */,
			);
			defaultConfigurationIsVisible = 0;
			defaultConfigurationName = Release;
		};
		91B1B2E11F16F3B200EA0E70 /* Build configuration list for PBXNativeTarget "CluckCluck" */ = {
			isa = XCConfigurationList;
			buildConfigurations = (
				91B1B2E21F16F3B200EA0E70 /* Debug */,
				91B1B2E31F16F3B200EA0E70 /* Release */,
			);
			defaultConfigurationIsVisible = 0;
		};
/* End XCConfigurationList section */
	};
	rootObject = 91B1B2C71F16F3B200EA0E70 /* Project object */;
}
